// !$*UTF8*$!
{
	archiveVersion = 1;
	classes = {
	};
	objectVersion = 51;
	objects = {

/* Begin PBXBuildFile section */
		021ED877223E0EE0009FA238 /* AppDelegate.swift in Sources */ = {isa = PBXBuildFile; fileRef = 021ED876223E0EE0009FA238 /* AppDelegate.swift */; };
		021ED87E223E0EE1009FA238 /* Assets.xcassets in Resources */ = {isa = PBXBuildFile; fileRef = 021ED87D223E0EE1009FA238 /* Assets.xcassets */; };
		021EFD4A22664042001CA0A3 /* RootRouter.swift in Sources */ = {isa = PBXBuildFile; fileRef = 021EFD4922664042001CA0A3 /* RootRouter.swift */; };
		0225EFD7226C68DC004A4F60 /* UIColor+Extensions.swift in Sources */ = {isa = PBXBuildFile; fileRef = 0225EFD6226C68DC004A4F60 /* UIColor+Extensions.swift */; };
		0225EFD9226C828C004A4F60 /* UIView+Extensions.swift in Sources */ = {isa = PBXBuildFile; fileRef = 0225EFD8226C828C004A4F60 /* UIView+Extensions.swift */; };
		02367DB5225BCA4800BD1217 /* IngredientObject.swift in Sources */ = {isa = PBXBuildFile; fileRef = 02367DB4225BCA4800BD1217 /* IngredientObject.swift */; };
		02367DB7225BCAEF00BD1217 /* IngredientCategoryObject.swift in Sources */ = {isa = PBXBuildFile; fileRef = 02367DB6225BCAEF00BD1217 /* IngredientCategoryObject.swift */; };
		02367DBB225BCB8A00BD1217 /* RecipeObject.swift in Sources */ = {isa = PBXBuildFile; fileRef = 02367DBA225BCB8A00BD1217 /* RecipeObject.swift */; };
		02367DBF225BCCB800BD1217 /* RecipeCategoryObject.swift in Sources */ = {isa = PBXBuildFile; fileRef = 02367DBE225BCCB800BD1217 /* RecipeCategoryObject.swift */; };
		023CDD2122A031BE003ACDF3 /* RecipeListViewModel.swift in Sources */ = {isa = PBXBuildFile; fileRef = 023CDD2022A031BE003ACDF3 /* RecipeListViewModel.swift */; };
		023CDD2322A031D2003ACDF3 /* RecipeListViewController.swift in Sources */ = {isa = PBXBuildFile; fileRef = 023CDD2222A031D2003ACDF3 /* RecipeListViewController.swift */; };
		023CDD2622A03206003ACDF3 /* RecipeViewModel.swift in Sources */ = {isa = PBXBuildFile; fileRef = 023CDD2522A03206003ACDF3 /* RecipeViewModel.swift */; };
		023CDD2822A03214003ACDF3 /* RecipeViewController.swift in Sources */ = {isa = PBXBuildFile; fileRef = 023CDD2722A03214003ACDF3 /* RecipeViewController.swift */; };
		023CDD2B22A032BB003ACDF3 /* RecipesService.swift in Sources */ = {isa = PBXBuildFile; fileRef = 023CDD2A22A032BB003ACDF3 /* RecipesService.swift */; };
		023CDD2E22A032EA003ACDF3 /* Recipe.swift in Sources */ = {isa = PBXBuildFile; fileRef = 023CDD2D22A032EA003ACDF3 /* Recipe.swift */; };
		023CDD3022A032F9003ACDF3 /* RecipeCategory.swift in Sources */ = {isa = PBXBuildFile; fileRef = 023CDD2F22A032F9003ACDF3 /* RecipeCategory.swift */; };
		023CDD3222A03841003ACDF3 /* RecipeCell.swift in Sources */ = {isa = PBXBuildFile; fileRef = 023CDD3122A03841003ACDF3 /* RecipeCell.swift */; };
		023CDD3422A0390B003ACDF3 /* RecipesListRouter.swift in Sources */ = {isa = PBXBuildFile; fileRef = 023CDD3322A0390B003ACDF3 /* RecipesListRouter.swift */; };
		02451F5022B91F0D00DD1F95 /* Ingredient+Equitable.swift in Sources */ = {isa = PBXBuildFile; fileRef = 02451F4F22B91F0D00DD1F95 /* Ingredient+Equitable.swift */; };
		025A06BD228C86620008258F /* ReusableView.swift in Sources */ = {isa = PBXBuildFile; fileRef = 025A06BC228C86620008258F /* ReusableView.swift */; };
		025A06BF228C86A80008258F /* IngredientCell.swift in Sources */ = {isa = PBXBuildFile; fileRef = 025A06BE228C86A80008258F /* IngredientCell.swift */; };
		025E068022B609DD0086458A /* RecipeInfoCell.swift in Sources */ = {isa = PBXBuildFile; fileRef = 025E067F22B609DD0086458A /* RecipeInfoCell.swift */; };
		025E074C22B6337C0086458A /* IngredientAmount.swift in Sources */ = {isa = PBXBuildFile; fileRef = 025E074B22B6337C0086458A /* IngredientAmount.swift */; };
		025E074E22B634630086458A /* IngredientAmountObject.swift in Sources */ = {isa = PBXBuildFile; fileRef = 025E074D22B634630086458A /* IngredientAmountObject.swift */; };
		025E075122B649D20086458A /* RecipeSection.swift in Sources */ = {isa = PBXBuildFile; fileRef = 025E075022B649D20086458A /* RecipeSection.swift */; };
		025E075322B649DF0086458A /* RecipeItem.swift in Sources */ = {isa = PBXBuildFile; fileRef = 025E075222B649DF0086458A /* RecipeItem.swift */; };
		025E075622B64AD20086458A /* IngredientCollectionViewCell.swift in Sources */ = {isa = PBXBuildFile; fileRef = 025E075522B64AD20086458A /* IngredientCollectionViewCell.swift */; };
		025E07BB22B66A0C0086458A /* RecipeServingCell.swift in Sources */ = {isa = PBXBuildFile; fileRef = 025E07BA22B66A0C0086458A /* RecipeServingCell.swift */; };
		025E08F122B7FC2D0086458A /* GroceryItem.swift in Sources */ = {isa = PBXBuildFile; fileRef = 025E08F022B7FC2D0086458A /* GroceryItem.swift */; };
		025E08F422B7FC500086458A /* GroceryItemObject.swift in Sources */ = {isa = PBXBuildFile; fileRef = 025E08F322B7FC500086458A /* GroceryItemObject.swift */; };
		025E08F722B802BC0086458A /* ShoppingListService.swift in Sources */ = {isa = PBXBuildFile; fileRef = 025E08F622B802BC0086458A /* ShoppingListService.swift */; };
		025E08F922B80AA30086458A /* GroceryCell.swift in Sources */ = {isa = PBXBuildFile; fileRef = 025E08F822B80AA30086458A /* GroceryCell.swift */; };
		025FFD102264D79F00CBD0EC /* DependencyContainer.swift in Sources */ = {isa = PBXBuildFile; fileRef = 025FFD0F2264D79F00CBD0EC /* DependencyContainer.swift */; };
		02674C2722B02888005F940D /* MealPlanRouter.swift in Sources */ = {isa = PBXBuildFile; fileRef = 02674C2622B02888005F940D /* MealPlanRouter.swift */; };
		02674C2A22B0292F005F940D /* MealPlanDateSelectionViewController.swift in Sources */ = {isa = PBXBuildFile; fileRef = 02674C2922B0292F005F940D /* MealPlanDateSelectionViewController.swift */; };
		02674C2C22B0293D005F940D /* MealPlanDateSelectionViewModel.swift in Sources */ = {isa = PBXBuildFile; fileRef = 02674C2B22B0293D005F940D /* MealPlanDateSelectionViewModel.swift */; };
		02674C2E22B02C13005F940D /* MealPlanDateSelectionRouter.swift in Sources */ = {isa = PBXBuildFile; fileRef = 02674C2D22B02C13005F940D /* MealPlanDateSelectionRouter.swift */; };
		02674C3122B02C76005F940D /* MealPlanSelectionResultViewController.swift in Sources */ = {isa = PBXBuildFile; fileRef = 02674C3022B02C76005F940D /* MealPlanSelectionResultViewController.swift */; };
		02674C3322B02C7F005F940D /* MealPlanSelectionResultViewModel.swift in Sources */ = {isa = PBXBuildFile; fileRef = 02674C3222B02C7F005F940D /* MealPlanSelectionResultViewModel.swift */; };
		02674C3522B02C88005F940D /* MealPlanSelectionResultViewRouter.swift in Sources */ = {isa = PBXBuildFile; fileRef = 02674C3422B02C88005F940D /* MealPlanSelectionResultViewRouter.swift */; };
		02674CA022B0AB98005F940D /* MealPlanCell.swift in Sources */ = {isa = PBXBuildFile; fileRef = 02674C9F22B0AB98005F940D /* MealPlanCell.swift */; };
		02674CA222B0ABF0005F940D /* TodayMenuCell.swift in Sources */ = {isa = PBXBuildFile; fileRef = 02674CA122B0ABF0005F940D /* TodayMenuCell.swift */; };
		0269D0AF229473F400503C85 /* IngredientViewController.swift in Sources */ = {isa = PBXBuildFile; fileRef = 0269D0AE229473F400503C85 /* IngredientViewController.swift */; };
		0269D0B12294748200503C85 /* IngredientViewModel.swift in Sources */ = {isa = PBXBuildFile; fileRef = 0269D0B02294748200503C85 /* IngredientViewModel.swift */; };
		027932F7226A3B3500401912 /* LaunchScreen.storyboard in Resources */ = {isa = PBXBuildFile; fileRef = 027932F6226A3B2100401912 /* LaunchScreen.storyboard */; };
		027932F9226A3F7700401912 /* ViewControllerFactory.swift in Sources */ = {isa = PBXBuildFile; fileRef = 027932F8226A3F7700401912 /* ViewControllerFactory.swift */; };
		027F655222A963410033D29D /* ShoppingListViewController.swift in Sources */ = {isa = PBXBuildFile; fileRef = 027F655122A963410033D29D /* ShoppingListViewController.swift */; };
		027F655422A963510033D29D /* TodayMenuViewController.swift in Sources */ = {isa = PBXBuildFile; fileRef = 027F655322A963510033D29D /* TodayMenuViewController.swift */; };
		027F655622A963CF0033D29D /* ShoppingListViewModel.swift in Sources */ = {isa = PBXBuildFile; fileRef = 027F655522A963CF0033D29D /* ShoppingListViewModel.swift */; };
		027F655822A964030033D29D /* TodayMenuViewModel.swift in Sources */ = {isa = PBXBuildFile; fileRef = 027F655722A964030033D29D /* TodayMenuViewModel.swift */; };
		028274652295A8310025A023 /* IngredientsListRouter.swift in Sources */ = {isa = PBXBuildFile; fileRef = 028274642295A8310025A023 /* IngredientsListRouter.swift */; };
		028C86B5228FDE420051E852 /* Persistable.swift in Sources */ = {isa = PBXBuildFile; fileRef = 028C86B4228FDE420051E852 /* Persistable.swift */; };
		028C86BB228FE7D20051E852 /* IngredientCategory.swift in Sources */ = {isa = PBXBuildFile; fileRef = 028C86BA228FE7D20051E852 /* IngredientCategory.swift */; };
		028C86BD228FEB140051E852 /* Ingredient.swift in Sources */ = {isa = PBXBuildFile; fileRef = 028C86BC228FEB140051E852 /* Ingredient.swift */; };
		028C86C122915EC30051E852 /* RealmDefaultConfiguration.swift in Sources */ = {isa = PBXBuildFile; fileRef = 028C86C022915EC30051E852 /* RealmDefaultConfiguration.swift */; };
		02AE962322A03DAA00F3CD1B /* RecipesListViewModelTests.swift in Sources */ = {isa = PBXBuildFile; fileRef = 02AE962222A03DAA00F3CD1B /* RecipesListViewModelTests.swift */; };
		02B41EFD22B3E12A004E93A4 /* StretchyHeaderLayout.swift in Sources */ = {isa = PBXBuildFile; fileRef = 02B41EFC22B3E12A004E93A4 /* StretchyHeaderLayout.swift */; };
		02B41EFF22B3E187004E93A4 /* RecipeHeaderView.swift in Sources */ = {isa = PBXBuildFile; fileRef = 02B41EFE22B3E187004E93A4 /* RecipeHeaderView.swift */; };
		02B4EE102240C57C00BDE05D /* ServiceContainer.swift in Sources */ = {isa = PBXBuildFile; fileRef = 02B4EE0F2240C57C00BDE05D /* ServiceContainer.swift */; };
		02BEF98022AD007200E8C741 /* MealPlanObject.swift in Sources */ = {isa = PBXBuildFile; fileRef = 02BEF97F22AD007200E8C741 /* MealPlanObject.swift */; };
		02BEF98222AD00B500E8C741 /* DailyPlanObject.swift in Sources */ = {isa = PBXBuildFile; fileRef = 02BEF98122AD00B500E8C741 /* DailyPlanObject.swift */; };
		02BEF98422AD02DE00E8C741 /* MealObject.swift in Sources */ = {isa = PBXBuildFile; fileRef = 02BEF98322AD02DE00E8C741 /* MealObject.swift */; };
		02BEF98722AD06FC00E8C741 /* Meal.swift in Sources */ = {isa = PBXBuildFile; fileRef = 02BEF98622AD06FC00E8C741 /* Meal.swift */; };
		02BEF98922AD139200E8C741 /* DailyPlan.swift in Sources */ = {isa = PBXBuildFile; fileRef = 02BEF98822AD139200E8C741 /* DailyPlan.swift */; };
		02BEF98B22AD159900E8C741 /* MealPlan.swift in Sources */ = {isa = PBXBuildFile; fileRef = 02BEF98A22AD159900E8C741 /* MealPlan.swift */; };
		02BEF98D22AD3A2000E8C741 /* SelectedMealPlan.swift in Sources */ = {isa = PBXBuildFile; fileRef = 02BEF98C22AD3A2000E8C741 /* SelectedMealPlan.swift */; };
		02BEF98F22AD3A3000E8C741 /* SelectedMealPlanObject.swift in Sources */ = {isa = PBXBuildFile; fileRef = 02BEF98E22AD3A3000E8C741 /* SelectedMealPlanObject.swift */; };
		02BEF99122AD5EAF00E8C741 /* AppDelegate+StubTestableVersion.swift in Sources */ = {isa = PBXBuildFile; fileRef = 02BEF99022AD5EAF00E8C741 /* AppDelegate+StubTestableVersion.swift */; };
		02BEF9FB22AE3BC400E8C741 /* UIImageView+Extensions.swift in Sources */ = {isa = PBXBuildFile; fileRef = 02BEF9FA22AE3BC400E8C741 /* UIImageView+Extensions.swift */; };
		02E5F69922643D3B00DD04AF /* Cell+Helpers.swift in Sources */ = {isa = PBXBuildFile; fileRef = 02E5F69822643D3B00DD04AF /* Cell+Helpers.swift */; };
		02E7D4CD227B1393000F0576 /* IngredientsService.swift in Sources */ = {isa = PBXBuildFile; fileRef = 02E7D4CC227B1393000F0576 /* IngredientsService.swift */; };
		02E7D4D1227B7539000F0576 /* PersistenceService.swift in Sources */ = {isa = PBXBuildFile; fileRef = 02E7D4D0227B7539000F0576 /* PersistenceService.swift */; };
		02E7D4D3227B7541000F0576 /* RealmPersistenceService.swift in Sources */ = {isa = PBXBuildFile; fileRef = 02E7D4D2227B7541000F0576 /* RealmPersistenceService.swift */; };
		02E7D518228802E6000F0576 /* IngredientsListViewController.swift in Sources */ = {isa = PBXBuildFile; fileRef = 02E7D517228802E6000F0576 /* IngredientsListViewController.swift */; };
		02E7D51A22882ABE000F0576 /* IngredientsListViewModel.swift in Sources */ = {isa = PBXBuildFile; fileRef = 02E7D51922882ABE000F0576 /* IngredientsListViewModel.swift */; };
		02E87BA822B0010400237CD2 /* MealPlansListViewModel.swift in Sources */ = {isa = PBXBuildFile; fileRef = 02E87BA722B0010400237CD2 /* MealPlansListViewModel.swift */; };
		02E87BAA22B0020300237CD2 /* MealPlansListViewController.swift in Sources */ = {isa = PBXBuildFile; fileRef = 02E87BA922B0020300237CD2 /* MealPlansListViewController.swift */; };
		02E87BAD22B0134600237CD2 /* MealPlansListRouter.swift in Sources */ = {isa = PBXBuildFile; fileRef = 02E87BAC22B0134600237CD2 /* MealPlansListRouter.swift */; };
		02E87BB022B013AF00237CD2 /* MealPlanViewController.swift in Sources */ = {isa = PBXBuildFile; fileRef = 02E87BAF22B013AF00237CD2 /* MealPlanViewController.swift */; };
		02E87BB222B013B800237CD2 /* MealPlanViewModel.swift in Sources */ = {isa = PBXBuildFile; fileRef = 02E87BB122B013B800237CD2 /* MealPlanViewModel.swift */; };
		02E87BB522B0142100237CD2 /* MealPlanService.swift in Sources */ = {isa = PBXBuildFile; fileRef = 02E87BB422B0142100237CD2 /* MealPlanService.swift */; };
		02EB0C9B229EDEF300A84E4C /* IngredientsListViewModelTests.swift in Sources */ = {isa = PBXBuildFile; fileRef = 02EB0C9A229EDEF300A84E4C /* IngredientsListViewModelTests.swift */; };
		02EB0CA7229EEAF900A84E4C /* AutoMockable.swift in Sources */ = {isa = PBXBuildFile; fileRef = 02EB0CA6229EEAF900A84E4C /* AutoMockable.swift */; };
		02EEE7F822BBA535008ED084 /* CellViewModelFactory.swift in Sources */ = {isa = PBXBuildFile; fileRef = 02EEE7F722BBA535008ED084 /* CellViewModelFactory.swift */; };
		02EEE7FB22BBA9D8008ED084 /* GroceryCellViewModel.swift in Sources */ = {isa = PBXBuildFile; fileRef = 02EEE7FA22BBA9D8008ED084 /* GroceryCellViewModel.swift */; };
		B15B9A709747C629AA364BCB /* Pods_GoodMealsTests.framework in Frameworks */ = {isa = PBXBuildFile; fileRef = 18F82C4005FF8B82A49A33AA /* Pods_GoodMealsTests.framework */; };
		DFC714C5ABBA32381BD8440C /* Pods_GoodMeals.framework in Frameworks */ = {isa = PBXBuildFile; fileRef = 7465929D7348B108B52BDBFD /* Pods_GoodMeals.framework */; };
/* End PBXBuildFile section */

/* Begin PBXContainerItemProxy section */
		02EB0C9D229EDEF300A84E4C /* PBXContainerItemProxy */ = {
			isa = PBXContainerItemProxy;
			containerPortal = 021ED86B223E0EE0009FA238 /* Project object */;
			proxyType = 1;
			remoteGlobalIDString = 021ED872223E0EE0009FA238;
			remoteInfo = GoodMeals;
		};
/* End PBXContainerItemProxy section */

/* Begin PBXFileReference section */
		021ED873223E0EE0009FA238 /* GoodMeals.app */ = {isa = PBXFileReference; explicitFileType = wrapper.application; includeInIndex = 0; path = GoodMeals.app; sourceTree = BUILT_PRODUCTS_DIR; };
		021ED876223E0EE0009FA238 /* AppDelegate.swift */ = {isa = PBXFileReference; lastKnownFileType = sourcecode.swift; path = AppDelegate.swift; sourceTree = "<group>"; };
		021ED87D223E0EE1009FA238 /* Assets.xcassets */ = {isa = PBXFileReference; lastKnownFileType = folder.assetcatalog; path = Assets.xcassets; sourceTree = "<group>"; };
		021ED882223E0EE1009FA238 /* Info.plist */ = {isa = PBXFileReference; lastKnownFileType = text.plist.xml; path = Info.plist; sourceTree = "<group>"; };
		021EFD4922664042001CA0A3 /* RootRouter.swift */ = {isa = PBXFileReference; lastKnownFileType = sourcecode.swift; path = RootRouter.swift; sourceTree = "<group>"; };
		0225EFD6226C68DC004A4F60 /* UIColor+Extensions.swift */ = {isa = PBXFileReference; lastKnownFileType = sourcecode.swift; path = "UIColor+Extensions.swift"; sourceTree = "<group>"; };
		0225EFD8226C828C004A4F60 /* UIView+Extensions.swift */ = {isa = PBXFileReference; lastKnownFileType = sourcecode.swift; path = "UIView+Extensions.swift"; sourceTree = "<group>"; };
		02367DB4225BCA4800BD1217 /* IngredientObject.swift */ = {isa = PBXFileReference; lastKnownFileType = sourcecode.swift; path = IngredientObject.swift; sourceTree = "<group>"; };
		02367DB6225BCAEF00BD1217 /* IngredientCategoryObject.swift */ = {isa = PBXFileReference; lastKnownFileType = sourcecode.swift; path = IngredientCategoryObject.swift; sourceTree = "<group>"; };
		02367DBA225BCB8A00BD1217 /* RecipeObject.swift */ = {isa = PBXFileReference; lastKnownFileType = sourcecode.swift; path = RecipeObject.swift; sourceTree = "<group>"; };
		02367DBE225BCCB800BD1217 /* RecipeCategoryObject.swift */ = {isa = PBXFileReference; lastKnownFileType = sourcecode.swift; path = RecipeCategoryObject.swift; sourceTree = "<group>"; };
		023CDD2022A031BE003ACDF3 /* RecipeListViewModel.swift */ = {isa = PBXFileReference; lastKnownFileType = sourcecode.swift; path = RecipeListViewModel.swift; sourceTree = "<group>"; };
		023CDD2222A031D2003ACDF3 /* RecipeListViewController.swift */ = {isa = PBXFileReference; lastKnownFileType = sourcecode.swift; path = RecipeListViewController.swift; sourceTree = "<group>"; };
		023CDD2522A03206003ACDF3 /* RecipeViewModel.swift */ = {isa = PBXFileReference; lastKnownFileType = sourcecode.swift; path = RecipeViewModel.swift; sourceTree = "<group>"; };
		023CDD2722A03214003ACDF3 /* RecipeViewController.swift */ = {isa = PBXFileReference; lastKnownFileType = sourcecode.swift; path = RecipeViewController.swift; sourceTree = "<group>"; };
		023CDD2A22A032BB003ACDF3 /* RecipesService.swift */ = {isa = PBXFileReference; lastKnownFileType = sourcecode.swift; path = RecipesService.swift; sourceTree = "<group>"; };
		023CDD2D22A032EA003ACDF3 /* Recipe.swift */ = {isa = PBXFileReference; lastKnownFileType = sourcecode.swift; path = Recipe.swift; sourceTree = "<group>"; };
		023CDD2F22A032F9003ACDF3 /* RecipeCategory.swift */ = {isa = PBXFileReference; lastKnownFileType = sourcecode.swift; path = RecipeCategory.swift; sourceTree = "<group>"; };
		023CDD3122A03841003ACDF3 /* RecipeCell.swift */ = {isa = PBXFileReference; lastKnownFileType = sourcecode.swift; path = RecipeCell.swift; sourceTree = "<group>"; };
		023CDD3322A0390B003ACDF3 /* RecipesListRouter.swift */ = {isa = PBXFileReference; lastKnownFileType = sourcecode.swift; path = RecipesListRouter.swift; sourceTree = "<group>"; };
		02451F4F22B91F0D00DD1F95 /* Ingredient+Equitable.swift */ = {isa = PBXFileReference; lastKnownFileType = sourcecode.swift; path = "Ingredient+Equitable.swift"; sourceTree = "<group>"; };
		025A06BC228C86620008258F /* ReusableView.swift */ = {isa = PBXFileReference; lastKnownFileType = sourcecode.swift; path = ReusableView.swift; sourceTree = "<group>"; };
		025A06BE228C86A80008258F /* IngredientCell.swift */ = {isa = PBXFileReference; lastKnownFileType = sourcecode.swift; path = IngredientCell.swift; sourceTree = "<group>"; };
		025E067F22B609DD0086458A /* RecipeInfoCell.swift */ = {isa = PBXFileReference; lastKnownFileType = sourcecode.swift; path = RecipeInfoCell.swift; sourceTree = "<group>"; };
		025E074B22B6337C0086458A /* IngredientAmount.swift */ = {isa = PBXFileReference; lastKnownFileType = sourcecode.swift; path = IngredientAmount.swift; sourceTree = "<group>"; };
		025E074D22B634630086458A /* IngredientAmountObject.swift */ = {isa = PBXFileReference; lastKnownFileType = sourcecode.swift; path = IngredientAmountObject.swift; sourceTree = "<group>"; };
		025E075022B649D20086458A /* RecipeSection.swift */ = {isa = PBXFileReference; lastKnownFileType = sourcecode.swift; path = RecipeSection.swift; sourceTree = "<group>"; };
		025E075222B649DF0086458A /* RecipeItem.swift */ = {isa = PBXFileReference; lastKnownFileType = sourcecode.swift; path = RecipeItem.swift; sourceTree = "<group>"; };
		025E075522B64AD20086458A /* IngredientCollectionViewCell.swift */ = {isa = PBXFileReference; lastKnownFileType = sourcecode.swift; path = IngredientCollectionViewCell.swift; sourceTree = "<group>"; };
		025E07BA22B66A0C0086458A /* RecipeServingCell.swift */ = {isa = PBXFileReference; lastKnownFileType = sourcecode.swift; path = RecipeServingCell.swift; sourceTree = "<group>"; };
		025E08F022B7FC2D0086458A /* GroceryItem.swift */ = {isa = PBXFileReference; lastKnownFileType = sourcecode.swift; path = GroceryItem.swift; sourceTree = "<group>"; };
		025E08F322B7FC500086458A /* GroceryItemObject.swift */ = {isa = PBXFileReference; lastKnownFileType = sourcecode.swift; path = GroceryItemObject.swift; sourceTree = "<group>"; };
		025E08F622B802BC0086458A /* ShoppingListService.swift */ = {isa = PBXFileReference; lastKnownFileType = sourcecode.swift; path = ShoppingListService.swift; sourceTree = "<group>"; };
		025E08F822B80AA30086458A /* GroceryCell.swift */ = {isa = PBXFileReference; lastKnownFileType = sourcecode.swift; path = GroceryCell.swift; sourceTree = "<group>"; };
		025FFD0F2264D79F00CBD0EC /* DependencyContainer.swift */ = {isa = PBXFileReference; lastKnownFileType = sourcecode.swift; path = DependencyContainer.swift; sourceTree = "<group>"; };
		02674C2622B02888005F940D /* MealPlanRouter.swift */ = {isa = PBXFileReference; lastKnownFileType = sourcecode.swift; path = MealPlanRouter.swift; sourceTree = "<group>"; };
		02674C2922B0292F005F940D /* MealPlanDateSelectionViewController.swift */ = {isa = PBXFileReference; lastKnownFileType = sourcecode.swift; path = MealPlanDateSelectionViewController.swift; sourceTree = "<group>"; };
		02674C2B22B0293D005F940D /* MealPlanDateSelectionViewModel.swift */ = {isa = PBXFileReference; lastKnownFileType = sourcecode.swift; path = MealPlanDateSelectionViewModel.swift; sourceTree = "<group>"; };
		02674C2D22B02C13005F940D /* MealPlanDateSelectionRouter.swift */ = {isa = PBXFileReference; lastKnownFileType = sourcecode.swift; path = MealPlanDateSelectionRouter.swift; sourceTree = "<group>"; };
		02674C3022B02C76005F940D /* MealPlanSelectionResultViewController.swift */ = {isa = PBXFileReference; lastKnownFileType = sourcecode.swift; path = MealPlanSelectionResultViewController.swift; sourceTree = "<group>"; };
		02674C3222B02C7F005F940D /* MealPlanSelectionResultViewModel.swift */ = {isa = PBXFileReference; lastKnownFileType = sourcecode.swift; path = MealPlanSelectionResultViewModel.swift; sourceTree = "<group>"; };
		02674C3422B02C88005F940D /* MealPlanSelectionResultViewRouter.swift */ = {isa = PBXFileReference; lastKnownFileType = sourcecode.swift; path = MealPlanSelectionResultViewRouter.swift; sourceTree = "<group>"; };
		02674C9F22B0AB98005F940D /* MealPlanCell.swift */ = {isa = PBXFileReference; lastKnownFileType = sourcecode.swift; path = MealPlanCell.swift; sourceTree = "<group>"; };
		02674CA122B0ABF0005F940D /* TodayMenuCell.swift */ = {isa = PBXFileReference; lastKnownFileType = sourcecode.swift; path = TodayMenuCell.swift; sourceTree = "<group>"; };
		0269D0AE229473F400503C85 /* IngredientViewController.swift */ = {isa = PBXFileReference; lastKnownFileType = sourcecode.swift; path = IngredientViewController.swift; sourceTree = "<group>"; };
		0269D0B02294748200503C85 /* IngredientViewModel.swift */ = {isa = PBXFileReference; lastKnownFileType = sourcecode.swift; path = IngredientViewModel.swift; sourceTree = "<group>"; };
		027932F6226A3B2100401912 /* LaunchScreen.storyboard */ = {isa = PBXFileReference; lastKnownFileType = file.storyboard; name = LaunchScreen.storyboard; path = /Users/denisefimov/Documents/Goodmeals/src/GoodMeals/LaunchScreen.storyboard; sourceTree = "<absolute>"; };
		027932F8226A3F7700401912 /* ViewControllerFactory.swift */ = {isa = PBXFileReference; lastKnownFileType = sourcecode.swift; path = ViewControllerFactory.swift; sourceTree = "<group>"; };
		027F655122A963410033D29D /* ShoppingListViewController.swift */ = {isa = PBXFileReference; lastKnownFileType = sourcecode.swift; path = ShoppingListViewController.swift; sourceTree = "<group>"; };
		027F655322A963510033D29D /* TodayMenuViewController.swift */ = {isa = PBXFileReference; lastKnownFileType = sourcecode.swift; path = TodayMenuViewController.swift; sourceTree = "<group>"; };
		027F655522A963CF0033D29D /* ShoppingListViewModel.swift */ = {isa = PBXFileReference; lastKnownFileType = sourcecode.swift; path = ShoppingListViewModel.swift; sourceTree = "<group>"; };
		027F655722A964030033D29D /* TodayMenuViewModel.swift */ = {isa = PBXFileReference; lastKnownFileType = sourcecode.swift; path = TodayMenuViewModel.swift; sourceTree = "<group>"; };
		028274642295A8310025A023 /* IngredientsListRouter.swift */ = {isa = PBXFileReference; lastKnownFileType = sourcecode.swift; path = IngredientsListRouter.swift; sourceTree = "<group>"; };
		028C86B4228FDE420051E852 /* Persistable.swift */ = {isa = PBXFileReference; lastKnownFileType = sourcecode.swift; path = Persistable.swift; sourceTree = "<group>"; };
		028C86BA228FE7D20051E852 /* IngredientCategory.swift */ = {isa = PBXFileReference; lastKnownFileType = sourcecode.swift; path = IngredientCategory.swift; sourceTree = "<group>"; };
		028C86BC228FEB140051E852 /* Ingredient.swift */ = {isa = PBXFileReference; lastKnownFileType = sourcecode.swift; path = Ingredient.swift; sourceTree = "<group>"; };
		028C86C022915EC30051E852 /* RealmDefaultConfiguration.swift */ = {isa = PBXFileReference; lastKnownFileType = sourcecode.swift; path = RealmDefaultConfiguration.swift; sourceTree = "<group>"; };
		02AE962222A03DAA00F3CD1B /* RecipesListViewModelTests.swift */ = {isa = PBXFileReference; lastKnownFileType = sourcecode.swift; path = RecipesListViewModelTests.swift; sourceTree = "<group>"; };
		02B41EFC22B3E12A004E93A4 /* StretchyHeaderLayout.swift */ = {isa = PBXFileReference; lastKnownFileType = sourcecode.swift; path = StretchyHeaderLayout.swift; sourceTree = "<group>"; };
		02B41EFE22B3E187004E93A4 /* RecipeHeaderView.swift */ = {isa = PBXFileReference; lastKnownFileType = sourcecode.swift; path = RecipeHeaderView.swift; sourceTree = "<group>"; };
		02B4EE0F2240C57C00BDE05D /* ServiceContainer.swift */ = {isa = PBXFileReference; lastKnownFileType = sourcecode.swift; path = ServiceContainer.swift; sourceTree = "<group>"; };
		02BEF97F22AD007200E8C741 /* MealPlanObject.swift */ = {isa = PBXFileReference; lastKnownFileType = sourcecode.swift; path = MealPlanObject.swift; sourceTree = "<group>"; };
		02BEF98122AD00B500E8C741 /* DailyPlanObject.swift */ = {isa = PBXFileReference; lastKnownFileType = sourcecode.swift; path = DailyPlanObject.swift; sourceTree = "<group>"; };
		02BEF98322AD02DE00E8C741 /* MealObject.swift */ = {isa = PBXFileReference; lastKnownFileType = sourcecode.swift; path = MealObject.swift; sourceTree = "<group>"; };
		02BEF98622AD06FC00E8C741 /* Meal.swift */ = {isa = PBXFileReference; lastKnownFileType = sourcecode.swift; path = Meal.swift; sourceTree = "<group>"; };
		02BEF98822AD139200E8C741 /* DailyPlan.swift */ = {isa = PBXFileReference; lastKnownFileType = sourcecode.swift; path = DailyPlan.swift; sourceTree = "<group>"; };
		02BEF98A22AD159900E8C741 /* MealPlan.swift */ = {isa = PBXFileReference; lastKnownFileType = sourcecode.swift; path = MealPlan.swift; sourceTree = "<group>"; };
		02BEF98C22AD3A2000E8C741 /* SelectedMealPlan.swift */ = {isa = PBXFileReference; lastKnownFileType = sourcecode.swift; path = SelectedMealPlan.swift; sourceTree = "<group>"; };
		02BEF98E22AD3A3000E8C741 /* SelectedMealPlanObject.swift */ = {isa = PBXFileReference; lastKnownFileType = sourcecode.swift; path = SelectedMealPlanObject.swift; sourceTree = "<group>"; };
		02BEF99022AD5EAF00E8C741 /* AppDelegate+StubTestableVersion.swift */ = {isa = PBXFileReference; lastKnownFileType = sourcecode.swift; path = "AppDelegate+StubTestableVersion.swift"; sourceTree = "<group>"; };
		02BEF9FA22AE3BC400E8C741 /* UIImageView+Extensions.swift */ = {isa = PBXFileReference; lastKnownFileType = sourcecode.swift; path = "UIImageView+Extensions.swift"; sourceTree = "<group>"; };
		02E5F69822643D3B00DD04AF /* Cell+Helpers.swift */ = {isa = PBXFileReference; lastKnownFileType = sourcecode.swift; path = "Cell+Helpers.swift"; sourceTree = "<group>"; };
		02E7D4CC227B1393000F0576 /* IngredientsService.swift */ = {isa = PBXFileReference; lastKnownFileType = sourcecode.swift; path = IngredientsService.swift; sourceTree = "<group>"; };
		02E7D4D0227B7539000F0576 /* PersistenceService.swift */ = {isa = PBXFileReference; lastKnownFileType = sourcecode.swift; path = PersistenceService.swift; sourceTree = "<group>"; };
		02E7D4D2227B7541000F0576 /* RealmPersistenceService.swift */ = {isa = PBXFileReference; lastKnownFileType = sourcecode.swift; path = RealmPersistenceService.swift; sourceTree = "<group>"; };
		02E7D517228802E6000F0576 /* IngredientsListViewController.swift */ = {isa = PBXFileReference; lastKnownFileType = sourcecode.swift; path = IngredientsListViewController.swift; sourceTree = "<group>"; };
		02E7D51922882ABE000F0576 /* IngredientsListViewModel.swift */ = {isa = PBXFileReference; lastKnownFileType = sourcecode.swift; path = IngredientsListViewModel.swift; sourceTree = "<group>"; };
		02E87BA722B0010400237CD2 /* MealPlansListViewModel.swift */ = {isa = PBXFileReference; lastKnownFileType = sourcecode.swift; path = MealPlansListViewModel.swift; sourceTree = "<group>"; };
		02E87BA922B0020300237CD2 /* MealPlansListViewController.swift */ = {isa = PBXFileReference; lastKnownFileType = sourcecode.swift; path = MealPlansListViewController.swift; sourceTree = "<group>"; };
		02E87BAC22B0134600237CD2 /* MealPlansListRouter.swift */ = {isa = PBXFileReference; lastKnownFileType = sourcecode.swift; path = MealPlansListRouter.swift; sourceTree = "<group>"; };
		02E87BAF22B013AF00237CD2 /* MealPlanViewController.swift */ = {isa = PBXFileReference; lastKnownFileType = sourcecode.swift; path = MealPlanViewController.swift; sourceTree = "<group>"; };
		02E87BB122B013B800237CD2 /* MealPlanViewModel.swift */ = {isa = PBXFileReference; lastKnownFileType = sourcecode.swift; path = MealPlanViewModel.swift; sourceTree = "<group>"; };
		02E87BB422B0142100237CD2 /* MealPlanService.swift */ = {isa = PBXFileReference; lastKnownFileType = sourcecode.swift; path = MealPlanService.swift; sourceTree = "<group>"; };
		02EB0C98229EDEF300A84E4C /* GoodMealsTests.xctest */ = {isa = PBXFileReference; explicitFileType = wrapper.cfbundle; includeInIndex = 0; path = GoodMealsTests.xctest; sourceTree = BUILT_PRODUCTS_DIR; };
		02EB0C9A229EDEF300A84E4C /* IngredientsListViewModelTests.swift */ = {isa = PBXFileReference; lastKnownFileType = sourcecode.swift; path = IngredientsListViewModelTests.swift; sourceTree = "<group>"; };
		02EB0C9C229EDEF300A84E4C /* Info.plist */ = {isa = PBXFileReference; lastKnownFileType = text.plist.xml; path = Info.plist; sourceTree = "<group>"; };
		02EB0CA6229EEAF900A84E4C /* AutoMockable.swift */ = {isa = PBXFileReference; fileEncoding = 4; lastKnownFileType = sourcecode.swift; path = AutoMockable.swift; sourceTree = "<group>"; };
		02EEE7F722BBA535008ED084 /* CellViewModelFactory.swift */ = {isa = PBXFileReference; lastKnownFileType = sourcecode.swift; path = CellViewModelFactory.swift; sourceTree = "<group>"; };
		02EEE7FA22BBA9D8008ED084 /* GroceryCellViewModel.swift */ = {isa = PBXFileReference; lastKnownFileType = sourcecode.swift; path = GroceryCellViewModel.swift; sourceTree = "<group>"; };
		18F82C4005FF8B82A49A33AA /* Pods_GoodMealsTests.framework */ = {isa = PBXFileReference; explicitFileType = wrapper.framework; includeInIndex = 0; path = Pods_GoodMealsTests.framework; sourceTree = BUILT_PRODUCTS_DIR; };
		64F9FD630BA12BE52F55CCF9 /* Pods-GoodMeals.debug.xcconfig */ = {isa = PBXFileReference; includeInIndex = 1; lastKnownFileType = text.xcconfig; name = "Pods-GoodMeals.debug.xcconfig"; path = "Target Support Files/Pods-GoodMeals/Pods-GoodMeals.debug.xcconfig"; sourceTree = "<group>"; };
		7465929D7348B108B52BDBFD /* Pods_GoodMeals.framework */ = {isa = PBXFileReference; explicitFileType = wrapper.framework; includeInIndex = 0; path = Pods_GoodMeals.framework; sourceTree = BUILT_PRODUCTS_DIR; };
		A49EA98AB11768B9881A26A2 /* Pods-GoodMealsTests.debug.xcconfig */ = {isa = PBXFileReference; includeInIndex = 1; lastKnownFileType = text.xcconfig; name = "Pods-GoodMealsTests.debug.xcconfig"; path = "Target Support Files/Pods-GoodMealsTests/Pods-GoodMealsTests.debug.xcconfig"; sourceTree = "<group>"; };
		E3C0A0F3A7F5D063A962E19B /* Pods-GoodMealsTests.release.xcconfig */ = {isa = PBXFileReference; includeInIndex = 1; lastKnownFileType = text.xcconfig; name = "Pods-GoodMealsTests.release.xcconfig"; path = "Target Support Files/Pods-GoodMealsTests/Pods-GoodMealsTests.release.xcconfig"; sourceTree = "<group>"; };
		F43F738978B1E3D6FB3EE840 /* Pods-GoodMeals.release.xcconfig */ = {isa = PBXFileReference; includeInIndex = 1; lastKnownFileType = text.xcconfig; name = "Pods-GoodMeals.release.xcconfig"; path = "Target Support Files/Pods-GoodMeals/Pods-GoodMeals.release.xcconfig"; sourceTree = "<group>"; };
/* End PBXFileReference section */

/* Begin PBXFrameworksBuildPhase section */
		021ED870223E0EE0009FA238 /* Frameworks */ = {
			isa = PBXFrameworksBuildPhase;
			buildActionMask = 2147483647;
			files = (
				DFC714C5ABBA32381BD8440C /* Pods_GoodMeals.framework in Frameworks */,
			);
			runOnlyForDeploymentPostprocessing = 0;
		};
		02EB0C95229EDEF300A84E4C /* Frameworks */ = {
			isa = PBXFrameworksBuildPhase;
			buildActionMask = 2147483647;
			files = (
				B15B9A709747C629AA364BCB /* Pods_GoodMealsTests.framework in Frameworks */,
			);
			runOnlyForDeploymentPostprocessing = 0;
		};
/* End PBXFrameworksBuildPhase section */

/* Begin PBXGroup section */
		021ED86A223E0EE0009FA238 = {
			isa = PBXGroup;
			children = (
				021ED8A5223E2C97009FA238 /* Resources */,
				021ED8A4223E2C88009FA238 /* Source */,
				021ED875223E0EE0009FA238 /* GoodMeals */,
				02EB0C99229EDEF300A84E4C /* GoodMealsTests */,
				021ED874223E0EE0009FA238 /* Products */,
				3917B9C3BC9E8CE61A29490C /* Pods */,
				9998887FDC5B5C28DA7682EB /* Frameworks */,
			);
			sourceTree = "<group>";
		};
		021ED874223E0EE0009FA238 /* Products */ = {
			isa = PBXGroup;
			children = (
				021ED873223E0EE0009FA238 /* GoodMeals.app */,
				02EB0C98229EDEF300A84E4C /* GoodMealsTests.xctest */,
			);
			name = Products;
			sourceTree = "<group>";
		};
		021ED875223E0EE0009FA238 /* GoodMeals */ = {
			isa = PBXGroup;
			children = (
				027932F6226A3B2100401912 /* LaunchScreen.storyboard */,
				021ED882223E0EE1009FA238 /* Info.plist */,
			);
			path = GoodMeals;
			sourceTree = "<group>";
		};
		021ED8A4223E2C88009FA238 /* Source */ = {
			isa = PBXGroup;
			children = (
				025FFD0C2264D71100CBD0EC /* Dependency Container */,
				02E5F69722643D2800DD04AF /* Utils */,
				02CBF5AA223E37520009158E /* Models */,
				02CBF5A7223E371D0009158E /* BusinessLogic */,
				02CBF5A8223E37340009158E /* Scenes */,
				02CBF5A6223E37110009158E /* AppDelegate */,
			);
			path = Source;
			sourceTree = "<group>";
		};
		021ED8A5223E2C97009FA238 /* Resources */ = {
			isa = PBXGroup;
			children = (
				021ED8A6223E2CD1009FA238 /* Assets */,
			);
			path = Resources;
			sourceTree = "<group>";
		};
		021ED8A6223E2CD1009FA238 /* Assets */ = {
			isa = PBXGroup;
			children = (
				021ED87D223E0EE1009FA238 /* Assets.xcassets */,
			);
			path = Assets;
			sourceTree = "<group>";
		};
		0225EFD5226C68BA004A4F60 /* Extensions */ = {
			isa = PBXGroup;
			children = (
				0225EFD6226C68DC004A4F60 /* UIColor+Extensions.swift */,
				0225EFD8226C828C004A4F60 /* UIView+Extensions.swift */,
				02BEF9FA22AE3BC400E8C741 /* UIImageView+Extensions.swift */,
			);
			path = Extensions;
			sourceTree = "<group>";
		};
		02367DB8225BCB4C00BD1217 /* Ingredients */ = {
			isa = PBXGroup;
			children = (
				02367DB4225BCA4800BD1217 /* IngredientObject.swift */,
				02367DB6225BCAEF00BD1217 /* IngredientCategoryObject.swift */,
			);
			path = Ingredients;
			sourceTree = "<group>";
		};
		02367DB9225BCB6900BD1217 /* Recipes */ = {
			isa = PBXGroup;
			children = (
				02367DBA225BCB8A00BD1217 /* RecipeObject.swift */,
				02367DBE225BCCB800BD1217 /* RecipeCategoryObject.swift */,
				025E074D22B634630086458A /* IngredientAmountObject.swift */,
			);
			path = Recipes;
			sourceTree = "<group>";
		};
		023CDD1F22A0318C003ACDF3 /* RecipeList */ = {
			isa = PBXGroup;
			children = (
				023CDD2022A031BE003ACDF3 /* RecipeListViewModel.swift */,
				023CDD2222A031D2003ACDF3 /* RecipeListViewController.swift */,
				023CDD3322A0390B003ACDF3 /* RecipesListRouter.swift */,
			);
			path = RecipeList;
			sourceTree = "<group>";
		};
		023CDD2422A031F6003ACDF3 /* Recipe */ = {
			isa = PBXGroup;
			children = (
				023CDD2522A03206003ACDF3 /* RecipeViewModel.swift */,
				023CDD2722A03214003ACDF3 /* RecipeViewController.swift */,
				02B41EFE22B3E187004E93A4 /* RecipeHeaderView.swift */,
			);
			path = Recipe;
			sourceTree = "<group>";
		};
		023CDD2922A032A1003ACDF3 /* Recipes */ = {
			isa = PBXGroup;
			children = (
				023CDD2A22A032BB003ACDF3 /* RecipesService.swift */,
			);
			path = Recipes;
			sourceTree = "<group>";
		};
		023CDD2C22A032D8003ACDF3 /* Recipes */ = {
			isa = PBXGroup;
			children = (
				023CDD2D22A032EA003ACDF3 /* Recipe.swift */,
				023CDD2F22A032F9003ACDF3 /* RecipeCategory.swift */,
				025E074B22B6337C0086458A /* IngredientAmount.swift */,
			);
			path = Recipes;
			sourceTree = "<group>";
		};
		025E074F22B649BB0086458A /* RecipeSections */ = {
			isa = PBXGroup;
			children = (
				025E075022B649D20086458A /* RecipeSection.swift */,
				025E075222B649DF0086458A /* RecipeItem.swift */,
				025E075422B64A0D0086458A /* Cells */,
			);
			path = RecipeSections;
			sourceTree = "<group>";
		};
		025E075422B64A0D0086458A /* Cells */ = {
			isa = PBXGroup;
			children = (
				025E067F22B609DD0086458A /* RecipeInfoCell.swift */,
				025E07BA22B66A0C0086458A /* RecipeServingCell.swift */,
				025E075522B64AD20086458A /* IngredientCollectionViewCell.swift */,
			);
			path = Cells;
			sourceTree = "<group>";
		};
		025E08EF22B7FBAE0086458A /* ShoppingList */ = {
			isa = PBXGroup;
			children = (
				025E08F022B7FC2D0086458A /* GroceryItem.swift */,
			);
			path = ShoppingList;
			sourceTree = "<group>";
		};
		025E08F222B7FC3A0086458A /* ShoppingList */ = {
			isa = PBXGroup;
			children = (
				025E08F322B7FC500086458A /* GroceryItemObject.swift */,
			);
			path = ShoppingList;
			sourceTree = "<group>";
		};
		025E08F522B8029A0086458A /* ShoppingList */ = {
			isa = PBXGroup;
			children = (
				025E08F622B802BC0086458A /* ShoppingListService.swift */,
			);
			path = ShoppingList;
			sourceTree = "<group>";
		};
		025FFD0C2264D71100CBD0EC /* Dependency Container */ = {
			isa = PBXGroup;
			children = (
				025FFD0F2264D79F00CBD0EC /* DependencyContainer.swift */,
				027932F8226A3F7700401912 /* ViewControllerFactory.swift */,
				02EEE7F722BBA535008ED084 /* CellViewModelFactory.swift */,
			);
			path = "Dependency Container";
			sourceTree = "<group>";
		};
		02674C2822B0290C005F940D /* DateSelection */ = {
			isa = PBXGroup;
			children = (
				02674C2922B0292F005F940D /* MealPlanDateSelectionViewController.swift */,
				02674C2B22B0293D005F940D /* MealPlanDateSelectionViewModel.swift */,
				02674C2D22B02C13005F940D /* MealPlanDateSelectionRouter.swift */,
			);
			path = DateSelection;
			sourceTree = "<group>";
		};
		02674C2F22B02C64005F940D /* SelectionResult */ = {
			isa = PBXGroup;
			children = (
				02674C3022B02C76005F940D /* MealPlanSelectionResultViewController.swift */,
				02674C3222B02C7F005F940D /* MealPlanSelectionResultViewModel.swift */,
				02674C3422B02C88005F940D /* MealPlanSelectionResultViewRouter.swift */,
			);
			path = SelectionResult;
			sourceTree = "<group>";
		};
		02674C9E22B0AB6B005F940D /* Cells */ = {
			isa = PBXGroup;
			children = (
				023CDD3122A03841003ACDF3 /* RecipeCell.swift */,
				025E074F22B649BB0086458A /* RecipeSections */,
				025A06BE228C86A80008258F /* IngredientCell.swift */,
				02674C9F22B0AB98005F940D /* MealPlanCell.swift */,
				02674CA122B0ABF0005F940D /* TodayMenuCell.swift */,
				02EEE7F922BBA9CA008ED084 /* GroceryCell */,
			);
			path = Cells;
			sourceTree = "<group>";
		};
		0269D0AD229473DC00503C85 /* Ingredient */ = {
			isa = PBXGroup;
			children = (
				0269D0AE229473F400503C85 /* IngredientViewController.swift */,
				0269D0B02294748200503C85 /* IngredientViewModel.swift */,
			);
			path = Ingredient;
			sourceTree = "<group>";
		};
		027F654F22A963110033D29D /* TodayMenu */ = {
			isa = PBXGroup;
			children = (
				027F655322A963510033D29D /* TodayMenuViewController.swift */,
				027F655722A964030033D29D /* TodayMenuViewModel.swift */,
			);
			path = TodayMenu;
			sourceTree = "<group>";
		};
		027F655022A963220033D29D /* ShoppingList */ = {
			isa = PBXGroup;
			children = (
				027F655122A963410033D29D /* ShoppingListViewController.swift */,
				027F655522A963CF0033D29D /* ShoppingListViewModel.swift */,
			);
			path = ShoppingList;
			sourceTree = "<group>";
		};
		028C86B6228FE7450051E852 /* DatabaseModels */ = {
			isa = PBXGroup;
			children = (
				025E08F222B7FC3A0086458A /* ShoppingList */,
				02BEF97E22AD003C00E8C741 /* MealPlan */,
				02367DB8225BCB4C00BD1217 /* Ingredients */,
				02367DB9225BCB6900BD1217 /* Recipes */,
			);
			path = DatabaseModels;
			sourceTree = "<group>";
		};
		028C86B7228FE7570051E852 /* InternalModels */ = {
			isa = PBXGroup;
			children = (
				025E08EF22B7FBAE0086458A /* ShoppingList */,
				02BEF98522AD06EE00E8C741 /* MealPlan */,
				023CDD2C22A032D8003ACDF3 /* Recipes */,
				028C86B8228FE7A70051E852 /* Ingredients */,
			);
			path = InternalModels;
			sourceTree = "<group>";
		};
		028C86B8228FE7A70051E852 /* Ingredients */ = {
			isa = PBXGroup;
			children = (
				028C86BC228FEB140051E852 /* Ingredient.swift */,
				02451F4F22B91F0D00DD1F95 /* Ingredient+Equitable.swift */,
				028C86BA228FE7D20051E852 /* IngredientCategory.swift */,
			);
			path = Ingredients;
			sourceTree = "<group>";
		};
		02BEF97E22AD003C00E8C741 /* MealPlan */ = {
			isa = PBXGroup;
			children = (
				02BEF98322AD02DE00E8C741 /* MealObject.swift */,
				02BEF98122AD00B500E8C741 /* DailyPlanObject.swift */,
				02BEF97F22AD007200E8C741 /* MealPlanObject.swift */,
				02BEF98E22AD3A3000E8C741 /* SelectedMealPlanObject.swift */,
			);
			path = MealPlan;
			sourceTree = "<group>";
		};
		02BEF98522AD06EE00E8C741 /* MealPlan */ = {
			isa = PBXGroup;
			children = (
				02BEF98622AD06FC00E8C741 /* Meal.swift */,
				02BEF98822AD139200E8C741 /* DailyPlan.swift */,
				02BEF98A22AD159900E8C741 /* MealPlan.swift */,
				02BEF98C22AD3A2000E8C741 /* SelectedMealPlan.swift */,
			);
			path = MealPlan;
			sourceTree = "<group>";
		};
		02CBF5A6223E37110009158E /* AppDelegate */ = {
			isa = PBXGroup;
			children = (
				021EFD4922664042001CA0A3 /* RootRouter.swift */,
				021ED876223E0EE0009FA238 /* AppDelegate.swift */,
				02BEF99022AD5EAF00E8C741 /* AppDelegate+StubTestableVersion.swift */,
			);
			path = AppDelegate;
			sourceTree = "<group>";
		};
		02CBF5A7223E371D0009158E /* BusinessLogic */ = {
			isa = PBXGroup;
			children = (
				02CBF5AD223E5D340009158E /* Services */,
			);
			path = BusinessLogic;
			sourceTree = "<group>";
		};
		02CBF5A8223E37340009158E /* Scenes */ = {
			isa = PBXGroup;
			children = (
				02674C9E22B0AB6B005F940D /* Cells */,
				02E87BAE22B013A500237CD2 /* MealPlan */,
				02E87BAB22B012AF00237CD2 /* MealPlansList */,
				027F655022A963220033D29D /* ShoppingList */,
				027F654F22A963110033D29D /* TodayMenu */,
				023CDD2422A031F6003ACDF3 /* Recipe */,
				023CDD1F22A0318C003ACDF3 /* RecipeList */,
				0269D0AD229473DC00503C85 /* Ingredient */,
				02E7D516228802CB000F0576 /* IngredientsList */,
			);
			path = Scenes;
			sourceTree = "<group>";
		};
		02CBF5AA223E37520009158E /* Models */ = {
			isa = PBXGroup;
			children = (
				028C86B7228FE7570051E852 /* InternalModels */,
				028C86B6228FE7450051E852 /* DatabaseModels */,
			);
			path = Models;
			sourceTree = "<group>";
		};
		02CBF5AD223E5D340009158E /* Services */ = {
			isa = PBXGroup;
			children = (
				02E7D4CA227B1349000F0576 /* Services */,
			);
			path = Services;
			sourceTree = "<group>";
		};
		02E5F69722643D2800DD04AF /* Utils */ = {
			isa = PBXGroup;
			children = (
				025A06BC228C86620008258F /* ReusableView.swift */,
				02B41EFC22B3E12A004E93A4 /* StretchyHeaderLayout.swift */,
				02E5F69822643D3B00DD04AF /* Cell+Helpers.swift */,
				0225EFD5226C68BA004A4F60 /* Extensions */,
			);
			path = Utils;
			sourceTree = "<group>";
		};
		02E7D4CA227B1349000F0576 /* Services */ = {
			isa = PBXGroup;
			children = (
				025E08F522B8029A0086458A /* ShoppingList */,
				02B4EE0F2240C57C00BDE05D /* ServiceContainer.swift */,
				02E7D4CF227B750B000F0576 /* Persistence */,
				02E7D4CB227B1358000F0576 /* Ingredients */,
				023CDD2922A032A1003ACDF3 /* Recipes */,
				02E87BB322B0141500237CD2 /* MealPlan */,
			);
			path = Services;
			sourceTree = "<group>";
		};
		02E7D4CB227B1358000F0576 /* Ingredients */ = {
			isa = PBXGroup;
			children = (
				02E7D4CC227B1393000F0576 /* IngredientsService.swift */,
			);
			path = Ingredients;
			sourceTree = "<group>";
		};
		02E7D4CF227B750B000F0576 /* Persistence */ = {
			isa = PBXGroup;
			children = (
				02E7D4D0227B7539000F0576 /* PersistenceService.swift */,
				028C86B4228FDE420051E852 /* Persistable.swift */,
				028C86C022915EC30051E852 /* RealmDefaultConfiguration.swift */,
				02E7D4D2227B7541000F0576 /* RealmPersistenceService.swift */,
			);
			path = Persistence;
			sourceTree = "<group>";
		};
		02E7D516228802CB000F0576 /* IngredientsList */ = {
			isa = PBXGroup;
			children = (
				02E7D517228802E6000F0576 /* IngredientsListViewController.swift */,
				02E7D51922882ABE000F0576 /* IngredientsListViewModel.swift */,
				028274642295A8310025A023 /* IngredientsListRouter.swift */,
			);
			path = IngredientsList;
			sourceTree = "<group>";
		};
		02E87BAB22B012AF00237CD2 /* MealPlansList */ = {
			isa = PBXGroup;
			children = (
				02E87BA922B0020300237CD2 /* MealPlansListViewController.swift */,
				02E87BAC22B0134600237CD2 /* MealPlansListRouter.swift */,
				02E87BA722B0010400237CD2 /* MealPlansListViewModel.swift */,
			);
			path = MealPlansList;
			sourceTree = "<group>";
		};
		02E87BAE22B013A500237CD2 /* MealPlan */ = {
			isa = PBXGroup;
			children = (
				02674C2F22B02C64005F940D /* SelectionResult */,
				02674C2822B0290C005F940D /* DateSelection */,
				02E87BAF22B013AF00237CD2 /* MealPlanViewController.swift */,
				02E87BB122B013B800237CD2 /* MealPlanViewModel.swift */,
				02674C2622B02888005F940D /* MealPlanRouter.swift */,
			);
			path = MealPlan;
			sourceTree = "<group>";
		};
		02E87BB322B0141500237CD2 /* MealPlan */ = {
			isa = PBXGroup;
			children = (
				02E87BB422B0142100237CD2 /* MealPlanService.swift */,
			);
			path = MealPlan;
			sourceTree = "<group>";
		};
		02EB0C99229EDEF300A84E4C /* GoodMealsTests */ = {
			isa = PBXGroup;
			children = (
				02EB0CA5229EEA4B00A84E4C /* Generated */,
				02EB0C9A229EDEF300A84E4C /* IngredientsListViewModelTests.swift */,
				02AE962222A03DAA00F3CD1B /* RecipesListViewModelTests.swift */,
				02EB0C9C229EDEF300A84E4C /* Info.plist */,
			);
			path = GoodMealsTests;
			sourceTree = "<group>";
		};
		02EB0CA5229EEA4B00A84E4C /* Generated */ = {
			isa = PBXGroup;
			children = (
				02EB0CA6229EEAF900A84E4C /* AutoMockable.swift */,
			);
			name = Generated;
			path = ../Generated;
			sourceTree = "<group>";
		};
		02EEE7F922BBA9CA008ED084 /* GroceryCell */ = {
			isa = PBXGroup;
			children = (
				025E08F822B80AA30086458A /* GroceryCell.swift */,
				02EEE7FA22BBA9D8008ED084 /* GroceryCellViewModel.swift */,
			);
			path = GroceryCell;
			sourceTree = "<group>";
		};
		3917B9C3BC9E8CE61A29490C /* Pods */ = {
			isa = PBXGroup;
			children = (
				64F9FD630BA12BE52F55CCF9 /* Pods-GoodMeals.debug.xcconfig */,
				F43F738978B1E3D6FB3EE840 /* Pods-GoodMeals.release.xcconfig */,
				A49EA98AB11768B9881A26A2 /* Pods-GoodMealsTests.debug.xcconfig */,
				E3C0A0F3A7F5D063A962E19B /* Pods-GoodMealsTests.release.xcconfig */,
			);
			path = Pods;
			sourceTree = "<group>";
		};
		9998887FDC5B5C28DA7682EB /* Frameworks */ = {
			isa = PBXGroup;
			children = (
				7465929D7348B108B52BDBFD /* Pods_GoodMeals.framework */,
				18F82C4005FF8B82A49A33AA /* Pods_GoodMealsTests.framework */,
			);
			name = Frameworks;
			sourceTree = "<group>";
		};
/* End PBXGroup section */

/* Begin PBXNativeTarget section */
		021ED872223E0EE0009FA238 /* GoodMeals */ = {
			isa = PBXNativeTarget;
			buildConfigurationList = 021ED89B223E0EE1009FA238 /* Build configuration list for PBXNativeTarget "GoodMeals" */;
			buildPhases = (
				61F5CD432899E6729F032DD0 /* [CP] Check Pods Manifest.lock */,
				021ED86F223E0EE0009FA238 /* Sources */,
				021ED870223E0EE0009FA238 /* Frameworks */,
				021ED871223E0EE0009FA238 /* Resources */,
				2957F05312F0EA35934ABF30 /* [CP] Embed Pods Frameworks */,
			);
			buildRules = (
			);
			dependencies = (
			);
			name = GoodMeals;
			productName = GoodMeals;
			productReference = 021ED873223E0EE0009FA238 /* GoodMeals.app */;
			productType = "com.apple.product-type.application";
		};
		02EB0C97229EDEF300A84E4C /* GoodMealsTests */ = {
			isa = PBXNativeTarget;
			buildConfigurationList = 02EB0C9F229EDEF300A84E4C /* Build configuration list for PBXNativeTarget "GoodMealsTests" */;
			buildPhases = (
				6A98FF55E527C358250EF490 /* [CP] Check Pods Manifest.lock */,
				02EB0C94229EDEF300A84E4C /* Sources */,
				02EB0C95229EDEF300A84E4C /* Frameworks */,
				02EB0C96229EDEF300A84E4C /* Resources */,
				02EB0CA2229EDF8000A84E4C /* Sourcery */,
				07EBD56FAFBC2378BE75E932 /* [CP] Embed Pods Frameworks */,
			);
			buildRules = (
			);
			dependencies = (
				02EB0C9E229EDEF300A84E4C /* PBXTargetDependency */,
			);
			name = GoodMealsTests;
			productName = GoodMealsTests;
			productReference = 02EB0C98229EDEF300A84E4C /* GoodMealsTests.xctest */;
			productType = "com.apple.product-type.bundle.unit-test";
		};
/* End PBXNativeTarget section */

/* Begin PBXProject section */
		021ED86B223E0EE0009FA238 /* Project object */ = {
			isa = PBXProject;
			attributes = {
				DefaultBuildSystemTypeForWorkspace = Original;
				LastSwiftUpdateCheck = 1010;
				LastUpgradeCheck = 1010;
				ORGANIZATIONNAME = "Denis Efimov";
				TargetAttributes = {
					021ED872223E0EE0009FA238 = {
						CreatedOnToolsVersion = 10.1;
					};
					02EB0C97229EDEF300A84E4C = {
						CreatedOnToolsVersion = 10.1;
						TestTargetID = 021ED872223E0EE0009FA238;
					};
				};
			};
			buildConfigurationList = 021ED86E223E0EE0009FA238 /* Build configuration list for PBXProject "GoodMeals" */;
			compatibilityVersion = "Xcode 9.3";
			developmentRegion = en;
			hasScannedForEncodings = 0;
			knownRegions = (
				en,
				Base,
			);
			mainGroup = 021ED86A223E0EE0009FA238;
			productRefGroup = 021ED874223E0EE0009FA238 /* Products */;
			projectDirPath = "";
			projectRoot = "";
			targets = (
				021ED872223E0EE0009FA238 /* GoodMeals */,
				02EB0C97229EDEF300A84E4C /* GoodMealsTests */,
			);
		};
/* End PBXProject section */

/* Begin PBXResourcesBuildPhase section */
		021ED871223E0EE0009FA238 /* Resources */ = {
			isa = PBXResourcesBuildPhase;
			buildActionMask = 2147483647;
			files = (
				027932F7226A3B3500401912 /* LaunchScreen.storyboard in Resources */,
				021ED87E223E0EE1009FA238 /* Assets.xcassets in Resources */,
			);
			runOnlyForDeploymentPostprocessing = 0;
		};
		02EB0C96229EDEF300A84E4C /* Resources */ = {
			isa = PBXResourcesBuildPhase;
			buildActionMask = 2147483647;
			files = (
			);
			runOnlyForDeploymentPostprocessing = 0;
		};
/* End PBXResourcesBuildPhase section */

/* Begin PBXShellScriptBuildPhase section */
		02EB0CA2229EDF8000A84E4C /* Sourcery */ = {
			isa = PBXShellScriptBuildPhase;
			buildActionMask = 2147483647;
			files = (
			);
			inputFileListPaths = (
			);
			inputPaths = (
			);
			name = Sourcery;
			outputFileListPaths = (
			);
			outputPaths = (
			);
			runOnlyForDeploymentPostprocessing = 0;
			shellPath = /bin/sh;
			shellScript = "sourcery\n";
		};
		07EBD56FAFBC2378BE75E932 /* [CP] Embed Pods Frameworks */ = {
			isa = PBXShellScriptBuildPhase;
			buildActionMask = 2147483647;
			files = (
			);
			inputFileListPaths = (
				"${PODS_ROOT}/Target Support Files/Pods-GoodMealsTests/Pods-GoodMealsTests-frameworks-${CONFIGURATION}-input-files.xcfilelist",
			);
			name = "[CP] Embed Pods Frameworks";
			outputFileListPaths = (
				"${PODS_ROOT}/Target Support Files/Pods-GoodMealsTests/Pods-GoodMealsTests-frameworks-${CONFIGURATION}-output-files.xcfilelist",
			);
			runOnlyForDeploymentPostprocessing = 0;
			shellPath = /bin/sh;
			shellScript = "\"${PODS_ROOT}/Target Support Files/Pods-GoodMealsTests/Pods-GoodMealsTests-frameworks.sh\"\n";
			showEnvVarsInLog = 0;
		};
		2957F05312F0EA35934ABF30 /* [CP] Embed Pods Frameworks */ = {
			isa = PBXShellScriptBuildPhase;
			buildActionMask = 2147483647;
			files = (
			);
			inputFileListPaths = (
				"${PODS_ROOT}/Target Support Files/Pods-GoodMeals/Pods-GoodMeals-frameworks-${CONFIGURATION}-input-files.xcfilelist",
			);
			name = "[CP] Embed Pods Frameworks";
			outputFileListPaths = (
				"${PODS_ROOT}/Target Support Files/Pods-GoodMeals/Pods-GoodMeals-frameworks-${CONFIGURATION}-output-files.xcfilelist",
			);
			runOnlyForDeploymentPostprocessing = 0;
			shellPath = /bin/sh;
			shellScript = "\"${PODS_ROOT}/Target Support Files/Pods-GoodMeals/Pods-GoodMeals-frameworks.sh\"\n";
			showEnvVarsInLog = 0;
		};
		61F5CD432899E6729F032DD0 /* [CP] Check Pods Manifest.lock */ = {
			isa = PBXShellScriptBuildPhase;
			buildActionMask = 2147483647;
			files = (
			);
			inputFileListPaths = (
			);
			inputPaths = (
				"${PODS_PODFILE_DIR_PATH}/Podfile.lock",
				"${PODS_ROOT}/Manifest.lock",
			);
			name = "[CP] Check Pods Manifest.lock";
			outputFileListPaths = (
			);
			outputPaths = (
				"$(DERIVED_FILE_DIR)/Pods-GoodMeals-checkManifestLockResult.txt",
			);
			runOnlyForDeploymentPostprocessing = 0;
			shellPath = /bin/sh;
			shellScript = "diff \"${PODS_PODFILE_DIR_PATH}/Podfile.lock\" \"${PODS_ROOT}/Manifest.lock\" > /dev/null\nif [ $? != 0 ] ; then\n    # print error to STDERR\n    echo \"error: The sandbox is not in sync with the Podfile.lock. Run 'pod install' or update your CocoaPods installation.\" >&2\n    exit 1\nfi\n# This output is used by Xcode 'outputs' to avoid re-running this script phase.\necho \"SUCCESS\" > \"${SCRIPT_OUTPUT_FILE_0}\"\n";
			showEnvVarsInLog = 0;
		};
		6A98FF55E527C358250EF490 /* [CP] Check Pods Manifest.lock */ = {
			isa = PBXShellScriptBuildPhase;
			buildActionMask = 2147483647;
			files = (
			);
			inputFileListPaths = (
			);
			inputPaths = (
				"${PODS_PODFILE_DIR_PATH}/Podfile.lock",
				"${PODS_ROOT}/Manifest.lock",
			);
			name = "[CP] Check Pods Manifest.lock";
			outputFileListPaths = (
			);
			outputPaths = (
				"$(DERIVED_FILE_DIR)/Pods-GoodMealsTests-checkManifestLockResult.txt",
			);
			runOnlyForDeploymentPostprocessing = 0;
			shellPath = /bin/sh;
			shellScript = "diff \"${PODS_PODFILE_DIR_PATH}/Podfile.lock\" \"${PODS_ROOT}/Manifest.lock\" > /dev/null\nif [ $? != 0 ] ; then\n    # print error to STDERR\n    echo \"error: The sandbox is not in sync with the Podfile.lock. Run 'pod install' or update your CocoaPods installation.\" >&2\n    exit 1\nfi\n# This output is used by Xcode 'outputs' to avoid re-running this script phase.\necho \"SUCCESS\" > \"${SCRIPT_OUTPUT_FILE_0}\"\n";
			showEnvVarsInLog = 0;
		};
/* End PBXShellScriptBuildPhase section */

/* Begin PBXSourcesBuildPhase section */
		021ED86F223E0EE0009FA238 /* Sources */ = {
			isa = PBXSourcesBuildPhase;
			buildActionMask = 2147483647;
			files = (
				02367DBF225BCCB800BD1217 /* RecipeCategoryObject.swift in Sources */,
				02BEF9FB22AE3BC400E8C741 /* UIImageView+Extensions.swift in Sources */,
				025E075322B649DF0086458A /* RecipeItem.swift in Sources */,
				02674C3322B02C7F005F940D /* MealPlanSelectionResultViewModel.swift in Sources */,
				027F655822A964030033D29D /* TodayMenuViewModel.swift in Sources */,
				025E07BB22B66A0C0086458A /* RecipeServingCell.swift in Sources */,
				025E075122B649D20086458A /* RecipeSection.swift in Sources */,
				02674CA222B0ABF0005F940D /* TodayMenuCell.swift in Sources */,
				028274652295A8310025A023 /* IngredientsListRouter.swift in Sources */,
				02674CA022B0AB98005F940D /* MealPlanCell.swift in Sources */,
				025E08F922B80AA30086458A /* GroceryCell.swift in Sources */,
				02674C2E22B02C13005F940D /* MealPlanDateSelectionRouter.swift in Sources */,
				027932F9226A3F7700401912 /* ViewControllerFactory.swift in Sources */,
				0225EFD9226C828C004A4F60 /* UIView+Extensions.swift in Sources */,
				02367DB7225BCAEF00BD1217 /* IngredientCategoryObject.swift in Sources */,
				02674C3122B02C76005F940D /* MealPlanSelectionResultViewController.swift in Sources */,
				02674C2C22B0293D005F940D /* MealPlanDateSelectionViewModel.swift in Sources */,
				025E074C22B6337C0086458A /* IngredientAmount.swift in Sources */,
				02367DB5225BCA4800BD1217 /* IngredientObject.swift in Sources */,
				02E7D4D1227B7539000F0576 /* PersistenceService.swift in Sources */,
				025E074E22B634630086458A /* IngredientAmountObject.swift in Sources */,
				02B4EE102240C57C00BDE05D /* ServiceContainer.swift in Sources */,
				02EEE7F822BBA535008ED084 /* CellViewModelFactory.swift in Sources */,
				02E7D518228802E6000F0576 /* IngredientsListViewController.swift in Sources */,
				0269D0B12294748200503C85 /* IngredientViewModel.swift in Sources */,
				02E87BAA22B0020300237CD2 /* MealPlansListViewController.swift in Sources */,
				02451F5022B91F0D00DD1F95 /* Ingredient+Equitable.swift in Sources */,
				02E7D4CD227B1393000F0576 /* IngredientsService.swift in Sources */,
				02BEF98422AD02DE00E8C741 /* MealObject.swift in Sources */,
				025E08F122B7FC2D0086458A /* GroceryItem.swift in Sources */,
				0269D0AF229473F400503C85 /* IngredientViewController.swift in Sources */,
				027F655622A963CF0033D29D /* ShoppingListViewModel.swift in Sources */,
				02BEF98B22AD159900E8C741 /* MealPlan.swift in Sources */,
				023CDD2322A031D2003ACDF3 /* RecipeListViewController.swift in Sources */,
				02BEF98022AD007200E8C741 /* MealPlanObject.swift in Sources */,
				02BEF98222AD00B500E8C741 /* DailyPlanObject.swift in Sources */,
				02E87BA822B0010400237CD2 /* MealPlansListViewModel.swift in Sources */,
				02B41EFD22B3E12A004E93A4 /* StretchyHeaderLayout.swift in Sources */,
				02BEF98722AD06FC00E8C741 /* Meal.swift in Sources */,
				025A06BD228C86620008258F /* ReusableView.swift in Sources */,
				025E08F422B7FC500086458A /* GroceryItemObject.swift in Sources */,
				023CDD2822A03214003ACDF3 /* RecipeViewController.swift in Sources */,
				02BEF98D22AD3A2000E8C741 /* SelectedMealPlan.swift in Sources */,
				023CDD3422A0390B003ACDF3 /* RecipesListRouter.swift in Sources */,
				02E7D4D3227B7541000F0576 /* RealmPersistenceService.swift in Sources */,
				028C86C122915EC30051E852 /* RealmDefaultConfiguration.swift in Sources */,
				02674C3522B02C88005F940D /* MealPlanSelectionResultViewRouter.swift in Sources */,
				02E5F69922643D3B00DD04AF /* Cell+Helpers.swift in Sources */,
				023CDD2B22A032BB003ACDF3 /* RecipesService.swift in Sources */,
				025E068022B609DD0086458A /* RecipeInfoCell.swift in Sources */,
				0225EFD7226C68DC004A4F60 /* UIColor+Extensions.swift in Sources */,
				023CDD2122A031BE003ACDF3 /* RecipeListViewModel.swift in Sources */,
				023CDD3222A03841003ACDF3 /* RecipeCell.swift in Sources */,
				02674C2722B02888005F940D /* MealPlanRouter.swift in Sources */,
				02E7D51A22882ABE000F0576 /* IngredientsListViewModel.swift in Sources */,
				021EFD4A22664042001CA0A3 /* RootRouter.swift in Sources */,
				02E87BB522B0142100237CD2 /* MealPlanService.swift in Sources */,
				02E87BB222B013B800237CD2 /* MealPlanViewModel.swift in Sources */,
				023CDD3022A032F9003ACDF3 /* RecipeCategory.swift in Sources */,
				02BEF98F22AD3A3000E8C741 /* SelectedMealPlanObject.swift in Sources */,
				02674C2A22B0292F005F940D /* MealPlanDateSelectionViewController.swift in Sources */,
				027F655422A963510033D29D /* TodayMenuViewController.swift in Sources */,
				02367DBB225BCB8A00BD1217 /* RecipeObject.swift in Sources */,
				02E87BB022B013AF00237CD2 /* MealPlanViewController.swift in Sources */,
				025FFD102264D79F00CBD0EC /* DependencyContainer.swift in Sources */,
				028C86BB228FE7D20051E852 /* IngredientCategory.swift in Sources */,
				023CDD2622A03206003ACDF3 /* RecipeViewModel.swift in Sources */,
				025E075622B64AD20086458A /* IngredientCollectionViewCell.swift in Sources */,
				025E08F722B802BC0086458A /* ShoppingListService.swift in Sources */,
				028C86BD228FEB140051E852 /* Ingredient.swift in Sources */,
				021ED877223E0EE0009FA238 /* AppDelegate.swift in Sources */,
				027F655222A963410033D29D /* ShoppingListViewController.swift in Sources */,
				02E87BAD22B0134600237CD2 /* MealPlansListRouter.swift in Sources */,
				02BEF98922AD139200E8C741 /* DailyPlan.swift in Sources */,
				025A06BF228C86A80008258F /* IngredientCell.swift in Sources */,
				028C86B5228FDE420051E852 /* Persistable.swift in Sources */,
				02EEE7FB22BBA9D8008ED084 /* GroceryCellViewModel.swift in Sources */,
				02B41EFF22B3E187004E93A4 /* RecipeHeaderView.swift in Sources */,
				023CDD2E22A032EA003ACDF3 /* Recipe.swift in Sources */,
				02BEF99122AD5EAF00E8C741 /* AppDelegate+StubTestableVersion.swift in Sources */,
			);
			runOnlyForDeploymentPostprocessing = 0;
		};
		02EB0C94229EDEF300A84E4C /* Sources */ = {
			isa = PBXSourcesBuildPhase;
			buildActionMask = 2147483647;
			files = (
				02EB0CA7229EEAF900A84E4C /* AutoMockable.swift in Sources */,
				02AE962322A03DAA00F3CD1B /* RecipesListViewModelTests.swift in Sources */,
				02EB0C9B229EDEF300A84E4C /* IngredientsListViewModelTests.swift in Sources */,
			);
			runOnlyForDeploymentPostprocessing = 0;
		};
/* End PBXSourcesBuildPhase section */

/* Begin PBXTargetDependency section */
		02EB0C9E229EDEF300A84E4C /* PBXTargetDependency */ = {
			isa = PBXTargetDependency;
			target = 021ED872223E0EE0009FA238 /* GoodMeals */;
			targetProxy = 02EB0C9D229EDEF300A84E4C /* PBXContainerItemProxy */;
		};
/* End PBXTargetDependency section */

/* Begin XCBuildConfiguration section */
		021ED899223E0EE1009FA238 /* Debug */ = {
			isa = XCBuildConfiguration;
			buildSettings = {
				ALWAYS_EMBED_SWIFT_STANDARD_LIBRARIES = "$(inherited)";
				ALWAYS_SEARCH_USER_PATHS = NO;
				CLANG_ANALYZER_NONNULL = YES;
				CLANG_ANALYZER_NUMBER_OBJECT_CONVERSION = YES_AGGRESSIVE;
				CLANG_CXX_LANGUAGE_STANDARD = "gnu++14";
				CLANG_CXX_LIBRARY = "libc++";
				CLANG_ENABLE_MODULES = YES;
				CLANG_ENABLE_OBJC_ARC = YES;
				CLANG_ENABLE_OBJC_WEAK = YES;
				CLANG_WARN_BLOCK_CAPTURE_AUTORELEASING = YES;
				CLANG_WARN_BOOL_CONVERSION = YES;
				CLANG_WARN_COMMA = YES;
				CLANG_WARN_CONSTANT_CONVERSION = YES;
				CLANG_WARN_DEPRECATED_OBJC_IMPLEMENTATIONS = YES;
				CLANG_WARN_DIRECT_OBJC_ISA_USAGE = YES_ERROR;
				CLANG_WARN_DOCUMENTATION_COMMENTS = YES;
				CLANG_WARN_EMPTY_BODY = YES;
				CLANG_WARN_ENUM_CONVERSION = YES;
				CLANG_WARN_INFINITE_RECURSION = YES;
				CLANG_WARN_INT_CONVERSION = YES;
				CLANG_WARN_NON_LITERAL_NULL_CONVERSION = YES;
				CLANG_WARN_OBJC_IMPLICIT_RETAIN_SELF = YES;
				CLANG_WARN_OBJC_LITERAL_CONVERSION = YES;
				CLANG_WARN_OBJC_ROOT_CLASS = YES_ERROR;
				CLANG_WARN_RANGE_LOOP_ANALYSIS = YES;
				CLANG_WARN_STRICT_PROTOTYPES = YES;
				CLANG_WARN_SUSPICIOUS_MOVE = YES;
				CLANG_WARN_UNGUARDED_AVAILABILITY = YES_AGGRESSIVE;
				CLANG_WARN_UNREACHABLE_CODE = YES;
				CLANG_WARN__DUPLICATE_METHOD_MATCH = YES;
				CODE_SIGN_IDENTITY = "iPhone Developer";
				COPY_PHASE_STRIP = NO;
				DEBUG_INFORMATION_FORMAT = dwarf;
				ENABLE_STRICT_OBJC_MSGSEND = YES;
				ENABLE_TESTABILITY = YES;
				GCC_C_LANGUAGE_STANDARD = gnu11;
				GCC_DYNAMIC_NO_PIC = NO;
				GCC_NO_COMMON_BLOCKS = YES;
				GCC_OPTIMIZATION_LEVEL = 0;
				GCC_PREPROCESSOR_DEFINITIONS = (
					"DEBUG=1",
					"$(inherited)",
				);
				GCC_WARN_64_TO_32_BIT_CONVERSION = YES;
				GCC_WARN_ABOUT_RETURN_TYPE = YES_ERROR;
				GCC_WARN_UNDECLARED_SELECTOR = YES;
				GCC_WARN_UNINITIALIZED_AUTOS = YES_AGGRESSIVE;
				GCC_WARN_UNUSED_FUNCTION = YES;
				GCC_WARN_UNUSED_VARIABLE = YES;
				IPHONEOS_DEPLOYMENT_TARGET = 12.1;
				MTL_ENABLE_DEBUG_INFO = INCLUDE_SOURCE;
				MTL_FAST_MATH = YES;
				ONLY_ACTIVE_ARCH = YES;
				SDKROOT = iphoneos;
				SWIFT_ACTIVE_COMPILATION_CONDITIONS = DEBUG;
				SWIFT_OPTIMIZATION_LEVEL = "-Onone";
				SWIFT_VERSION = 4.2;
			};
			name = Debug;
		};
		021ED89A223E0EE1009FA238 /* Release */ = {
			isa = XCBuildConfiguration;
			buildSettings = {
				ALWAYS_EMBED_SWIFT_STANDARD_LIBRARIES = "$(inherited)";
				ALWAYS_SEARCH_USER_PATHS = NO;
				CLANG_ANALYZER_NONNULL = YES;
				CLANG_ANALYZER_NUMBER_OBJECT_CONVERSION = YES_AGGRESSIVE;
				CLANG_CXX_LANGUAGE_STANDARD = "gnu++14";
				CLANG_CXX_LIBRARY = "libc++";
				CLANG_ENABLE_MODULES = YES;
				CLANG_ENABLE_OBJC_ARC = YES;
				CLANG_ENABLE_OBJC_WEAK = YES;
				CLANG_WARN_BLOCK_CAPTURE_AUTORELEASING = YES;
				CLANG_WARN_BOOL_CONVERSION = YES;
				CLANG_WARN_COMMA = YES;
				CLANG_WARN_CONSTANT_CONVERSION = YES;
				CLANG_WARN_DEPRECATED_OBJC_IMPLEMENTATIONS = YES;
				CLANG_WARN_DIRECT_OBJC_ISA_USAGE = YES_ERROR;
				CLANG_WARN_DOCUMENTATION_COMMENTS = YES;
				CLANG_WARN_EMPTY_BODY = YES;
				CLANG_WARN_ENUM_CONVERSION = YES;
				CLANG_WARN_INFINITE_RECURSION = YES;
				CLANG_WARN_INT_CONVERSION = YES;
				CLANG_WARN_NON_LITERAL_NULL_CONVERSION = YES;
				CLANG_WARN_OBJC_IMPLICIT_RETAIN_SELF = YES;
				CLANG_WARN_OBJC_LITERAL_CONVERSION = YES;
				CLANG_WARN_OBJC_ROOT_CLASS = YES_ERROR;
				CLANG_WARN_RANGE_LOOP_ANALYSIS = YES;
				CLANG_WARN_STRICT_PROTOTYPES = YES;
				CLANG_WARN_SUSPICIOUS_MOVE = YES;
				CLANG_WARN_UNGUARDED_AVAILABILITY = YES_AGGRESSIVE;
				CLANG_WARN_UNREACHABLE_CODE = YES;
				CLANG_WARN__DUPLICATE_METHOD_MATCH = YES;
				CODE_SIGN_IDENTITY = "iPhone Developer";
				COPY_PHASE_STRIP = NO;
				DEBUG_INFORMATION_FORMAT = "dwarf-with-dsym";
				ENABLE_NS_ASSERTIONS = NO;
				ENABLE_STRICT_OBJC_MSGSEND = YES;
				GCC_C_LANGUAGE_STANDARD = gnu11;
				GCC_NO_COMMON_BLOCKS = YES;
				GCC_WARN_64_TO_32_BIT_CONVERSION = YES;
				GCC_WARN_ABOUT_RETURN_TYPE = YES_ERROR;
				GCC_WARN_UNDECLARED_SELECTOR = YES;
				GCC_WARN_UNINITIALIZED_AUTOS = YES_AGGRESSIVE;
				GCC_WARN_UNUSED_FUNCTION = YES;
				GCC_WARN_UNUSED_VARIABLE = YES;
				IPHONEOS_DEPLOYMENT_TARGET = 12.1;
				MTL_ENABLE_DEBUG_INFO = NO;
				MTL_FAST_MATH = YES;
				SDKROOT = iphoneos;
				SWIFT_COMPILATION_MODE = wholemodule;
				SWIFT_OPTIMIZATION_LEVEL = "-O";
				SWIFT_VERSION = 4.2;
				VALIDATE_PRODUCT = YES;
			};
			name = Release;
		};
		021ED89C223E0EE1009FA238 /* Debug */ = {
			isa = XCBuildConfiguration;
			baseConfigurationReference = 64F9FD630BA12BE52F55CCF9 /* Pods-GoodMeals.debug.xcconfig */;
			buildSettings = {
				ALWAYS_EMBED_SWIFT_STANDARD_LIBRARIES = "$(inherited)";
				ASSETCATALOG_COMPILER_APPICON_NAME = AppIcon;
				CODE_SIGN_STYLE = Automatic;
				DEVELOPMENT_TEAM = D7933757WH;
				INFOPLIST_FILE = GoodMeals/Info.plist;
				IPHONEOS_DEPLOYMENT_TARGET = 11.0;
				LD_RUNPATH_SEARCH_PATHS = (
					"$(inherited)",
					"@executable_path/Frameworks",
				);
				PRODUCT_BUNDLE_IDENTIFIER = "Denis-Efimov.GoodMeals";
				PRODUCT_NAME = "$(TARGET_NAME)";
				SWIFT_VERSION = 5.0;
				TARGETED_DEVICE_FAMILY = "1,2";
			};
			name = Debug;
		};
		021ED89D223E0EE1009FA238 /* Release */ = {
			isa = XCBuildConfiguration;
			baseConfigurationReference = F43F738978B1E3D6FB3EE840 /* Pods-GoodMeals.release.xcconfig */;
			buildSettings = {
				ALWAYS_EMBED_SWIFT_STANDARD_LIBRARIES = "$(inherited)";
				ASSETCATALOG_COMPILER_APPICON_NAME = AppIcon;
				CODE_SIGN_STYLE = Automatic;
				DEVELOPMENT_TEAM = D7933757WH;
				INFOPLIST_FILE = GoodMeals/Info.plist;
				IPHONEOS_DEPLOYMENT_TARGET = 11.0;
				LD_RUNPATH_SEARCH_PATHS = (
					"$(inherited)",
					"@executable_path/Frameworks",
				);
				PRODUCT_BUNDLE_IDENTIFIER = "Denis-Efimov.GoodMeals";
				PRODUCT_NAME = "$(TARGET_NAME)";
				SWIFT_VERSION = 5.0;
				TARGETED_DEVICE_FAMILY = "1,2";
			};
			name = Release;
		};
		02EB0CA0229EDEF300A84E4C /* Debug */ = {
			isa = XCBuildConfiguration;
			baseConfigurationReference = A49EA98AB11768B9881A26A2 /* Pods-GoodMealsTests.debug.xcconfig */;
			buildSettings = {
				BUNDLE_LOADER = "$(TEST_HOST)";
				CODE_SIGN_STYLE = Automatic;
				DEVELOPMENT_TEAM = D7933757WH;
				INFOPLIST_FILE = GoodMealsTests/Info.plist;
				LD_RUNPATH_SEARCH_PATHS = (
					"$(inherited)",
					"@executable_path/Frameworks",
					"@loader_path/Frameworks",
				);
				PRODUCT_BUNDLE_IDENTIFIER = "Denis-Efimov.GoodMealsTests";
				PRODUCT_NAME = "$(TARGET_NAME)";
				SWIFT_VERSION = 5.0;
				TARGETED_DEVICE_FAMILY = "1,2";
				TEST_HOST = "$(BUILT_PRODUCTS_DIR)/GoodMeals.app/GoodMeals";
			};
			name = Debug;
		};
		02EB0CA1229EDEF300A84E4C /* Release */ = {
			isa = XCBuildConfiguration;
			baseConfigurationReference = E3C0A0F3A7F5D063A962E19B /* Pods-GoodMealsTests.release.xcconfig */;
			buildSettings = {
				BUNDLE_LOADER = "$(TEST_HOST)";
				CODE_SIGN_STYLE = Automatic;
				DEVELOPMENT_TEAM = D7933757WH;
				INFOPLIST_FILE = GoodMealsTests/Info.plist;
				LD_RUNPATH_SEARCH_PATHS = (
					"$(inherited)",
					"@executable_path/Frameworks",
					"@loader_path/Frameworks",
				);
				PRODUCT_BUNDLE_IDENTIFIER = "Denis-Efimov.GoodMealsTests";
				PRODUCT_NAME = "$(TARGET_NAME)";
				SWIFT_VERSION = 5.0;
				TARGETED_DEVICE_FAMILY = "1,2";
				TEST_HOST = "$(BUILT_PRODUCTS_DIR)/GoodMeals.app/GoodMeals";
			};
			name = Release;
		};
/* End XCBuildConfiguration section */

/* Begin XCConfigurationList section */
		021ED86E223E0EE0009FA238 /* Build configuration list for PBXProject "GoodMeals" */ = {
			isa = XCConfigurationList;
			buildConfigurations = (
				021ED899223E0EE1009FA238 /* Debug */,
				021ED89A223E0EE1009FA238 /* Release */,
			);
			defaultConfigurationIsVisible = 0;
			defaultConfigurationName = Release;
		};
		021ED89B223E0EE1009FA238 /* Build configuration list for PBXNativeTarget "GoodMeals" */ = {
			isa = XCConfigurationList;
			buildConfigurations = (
				021ED89C223E0EE1009FA238 /* Debug */,
				021ED89D223E0EE1009FA238 /* Release */,
			);
			defaultConfigurationIsVisible = 0;
			defaultConfigurationName = Release;
		};
		02EB0C9F229EDEF300A84E4C /* Build configuration list for PBXNativeTarget "GoodMealsTests" */ = {
			isa = XCConfigurationList;
			buildConfigurations = (
				02EB0CA0229EDEF300A84E4C /* Debug */,
				02EB0CA1229EDEF300A84E4C /* Release */,
			);
			defaultConfigurationIsVisible = 0;
			defaultConfigurationName = Release;
		};
/* End XCConfigurationList section */
	};
	rootObject = 021ED86B223E0EE0009FA238 /* Project object */;
}
